Microsoft Visual Studio Solution File, Format Version 12.00
# Visual Studio Version 16
VisualStudioVersion = 16.0.0.0
MinimumVisualStudioVersion = 16.0.0.0
Project("{9A19103F-16F7-4668-BE54-9A1E7A4F7556}") = "GeniaWebApp", "GeniaWebApp.csproj", "{0BD297E3-2032-418D-8330-A68D79AB8409}"
EndProject
Global
	GlobalSection(SolutionConfigurationPlatforms) = preSolution
		Debug|Any CPU = Debug|Any CPU
		Debug|x64 = Debug|x64
		Debug|x86 = Debug|x86
		Release|Any CPU = Release|Any CPU
		Release|x64 = Release|x64
		Release|x86 = Release|x86
	EndGlobalSection
	GlobalSection(ProjectConfigurationPlatforms) = postSolution
		{0BD297E3-2032-418D-8330-A68D79AB8409}.Debug|Any CPU.ActiveCfg = Debug|Any CPU
		{0BD297E3-2032-418D-8330-A68D79AB8409}.Debug|Any CPU.Build.0 = Debug|Any CPU
		{0BD297E3-2032-418D-8330-A68D79AB8409}.Debug|x64.ActiveCfg = Debug|Any CPU
		{0BD297E3-2032-418D-8330-A68D79AB8409}.Debug|x64.Build.0 = Debug|Any CPU
		{0BD297E3-2032-418D-8330-A68D79AB8409}.Debug|x86.ActiveCfg = Debug|Any CPU
		{0BD297E3-2032-418D-8330-A68D79AB8409}.Debug|x86.Build.0 = Debug|Any CPU
		{0BD297E3-2032-418D-8330-A68D79AB8409}.Release|Any CPU.ActiveCfg = Release|Any CPU
		{0BD297E3-2032-418D-8330-A68D79AB8409}.Release|Any CPU.Build.0 = Release|Any CPU
		{0BD297E3-2032-418D-8330-A68D79AB8409}.Release|x64.ActiveCfg = Release|Any CPU
		{0BD297E3-2032-418D-8330-A68D79AB8409}.Release|x64.Build.0 = Release|Any CPU
		{0BD297E3-2032-418D-8330-A68D79AB8409}.Release|x86.ActiveCfg = Release|Any CPU
		{0BD297E3-2032-418D-8330-A68D79AB8409}.Release|x86.Build.0 = Release|Any CPU
	EndGlobalSection
	GlobalSection(SolutionProperties) = preSolution
		HideSolutionNode = FALSE
	EndGlobalSection
	GlobalSection(ExtensibilityGlobals) = postSolution
		SolutionGuid = {C9C3E4A4-047B-48E7-A75C-9B93221BCDF5}
	EndGlobalSection
EndGlobal